// !$*UTF8*$!
{
	archiveVersion = 1;
	classes = {
	};
	objectVersion = 55;
	objects = {

/* Begin PBXBuildFile section */
		3F2605BA2826FB280055E25B /* Common in Frameworks */ = {isa = PBXBuildFile; productRef = 3F2605B92826FB280055E25B /* Common */; };
		3F2605BD2826FF760055E25B /* Localization in Frameworks */ = {isa = PBXBuildFile; productRef = 3F2605BC2826FF760055E25B /* Localization */; };
		3F423A2F282542CE00702264 /* PlacesAPI in Frameworks */ = {isa = PBXBuildFile; productRef = 3F423A2E282542CE00702264 /* PlacesAPI */; };
		3F736D7B282530E300296D67 /* Core in Frameworks */ = {isa = PBXBuildFile; productRef = 3F736D7A282530E300296D67 /* Core */; };
		3F736D7D282530E300296D67 /* Mock in Frameworks */ = {isa = PBXBuildFile; productRef = 3F736D7C282530E300296D67 /* Mock */; };
		3F736D7F282530E300296D67 /* Model in Frameworks */ = {isa = PBXBuildFile; productRef = 3F736D7E282530E300296D67 /* Model */; };
		3F736D8228253B6E00296D67 /* Cache in Frameworks */ = {isa = PBXBuildFile; productRef = 3F736D8128253B6E00296D67 /* Cache */; };
		3FD5D33728245D6400F0C100 /* LunchPlacesApp.swift in Sources */ = {isa = PBXBuildFile; fileRef = 3FD5D33628245D6400F0C100 /* LunchPlacesApp.swift */; };
		3FD5D33928245D6400F0C100 /* ContentView.swift in Sources */ = {isa = PBXBuildFile; fileRef = 3FD5D33828245D6400F0C100 /* ContentView.swift */; };
		3FD5D33B28245D6500F0C100 /* Assets.xcassets in Resources */ = {isa = PBXBuildFile; fileRef = 3FD5D33A28245D6500F0C100 /* Assets.xcassets */; };
		3FD5D33E28245D6500F0C100 /* Preview Assets.xcassets in Resources */ = {isa = PBXBuildFile; fileRef = 3FD5D33D28245D6500F0C100 /* Preview Assets.xcassets */; };
		3FD5D34828245D6500F0C100 /* LunchPlacesTests.swift in Sources */ = {isa = PBXBuildFile; fileRef = 3FD5D34728245D6500F0C100 /* LunchPlacesTests.swift */; };
/* End PBXBuildFile section */

/* Begin PBXContainerItemProxy section */
		3FD5D34428245D6500F0C100 /* PBXContainerItemProxy */ = {
			isa = PBXContainerItemProxy;
			containerPortal = 3FD5D32B28245D6400F0C100 /* Project object */;
			proxyType = 1;
			remoteGlobalIDString = 3FD5D33228245D6400F0C100;
			remoteInfo = LunchPlaces;
		};
/* End PBXContainerItemProxy section */

/* Begin PBXFileReference section */
		3F2605BB2826FE890055E25B /* Localization */ = {isa = PBXFileReference; lastKnownFileType = wrapper; path = Localization; sourceTree = "<group>"; };
		3F2605BF282705C40055E25B /* UIComponents */ = {isa = PBXFileReference; lastKnownFileType = wrapper; path = UIComponents; sourceTree = "<group>"; };
		3F736D772824A6AD00296D67 /* Model */ = {isa = PBXFileReference; lastKnownFileType = wrapper; path = Model; sourceTree = "<group>"; };
		3F736D7828252EA500296D67 /* Mock */ = {isa = PBXFileReference; lastKnownFileType = wrapper; path = Mock; sourceTree = "<group>"; };
		3F736D802825358500296D67 /* Cache */ = {isa = PBXFileReference; lastKnownFileType = wrapper; path = Cache; sourceTree = "<group>"; };
		3F736D832825400800296D67 /* PlacesAPI */ = {isa = PBXFileReference; lastKnownFileType = wrapper; path = PlacesAPI; sourceTree = "<group>"; };
		3FD5D33328245D6400F0C100 /* LunchPlaces.app */ = {isa = PBXFileReference; explicitFileType = wrapper.application; includeInIndex = 0; path = LunchPlaces.app; sourceTree = BUILT_PRODUCTS_DIR; };
		3FD5D33628245D6400F0C100 /* LunchPlacesApp.swift */ = {isa = PBXFileReference; lastKnownFileType = sourcecode.swift; path = LunchPlacesApp.swift; sourceTree = "<group>"; };
		3FD5D33828245D6400F0C100 /* ContentView.swift */ = {isa = PBXFileReference; lastKnownFileType = sourcecode.swift; path = ContentView.swift; sourceTree = "<group>"; };
		3FD5D33A28245D6500F0C100 /* Assets.xcassets */ = {isa = PBXFileReference; lastKnownFileType = folder.assetcatalog; path = Assets.xcassets; sourceTree = "<group>"; };
		3FD5D33D28245D6500F0C100 /* Preview Assets.xcassets */ = {isa = PBXFileReference; lastKnownFileType = folder.assetcatalog; path = "Preview Assets.xcassets"; sourceTree = "<group>"; };
		3FD5D34328245D6500F0C100 /* LunchPlacesTests.xctest */ = {isa = PBXFileReference; explicitFileType = wrapper.cfbundle; includeInIndex = 0; path = LunchPlacesTests.xctest; sourceTree = BUILT_PRODUCTS_DIR; };
		3FD5D34728245D6500F0C100 /* LunchPlacesTests.swift */ = {isa = PBXFileReference; lastKnownFileType = sourcecode.swift; path = LunchPlacesTests.swift; sourceTree = "<group>"; };
		3FD5D3612824A2AE00F0C100 /* Core */ = {isa = PBXFileReference; lastKnownFileType = wrapper; path = Core; sourceTree = "<group>"; };
		3FF23B1B2826F6E7003A5732 /* Features */ = {isa = PBXFileReference; lastKnownFileType = wrapper; path = Features; sourceTree = "<group>"; };
/* End PBXFileReference section */

/* Begin PBXFrameworksBuildPhase section */
		3FD5D33028245D6400F0C100 /* Frameworks */ = {
			isa = PBXFrameworksBuildPhase;
			buildActionMask = 2147483647;
			files = (
				3F736D7F282530E300296D67 /* Model in Frameworks */,
				3F2605BD2826FF760055E25B /* Localization in Frameworks */,
				3F423A2F282542CE00702264 /* PlacesAPI in Frameworks */,
				3F736D8228253B6E00296D67 /* Cache in Frameworks */,
				3F736D7D282530E300296D67 /* Mock in Frameworks */,
				3F736D7B282530E300296D67 /* Core in Frameworks */,
				3F2605BA2826FB280055E25B /* Common in Frameworks */,
			);
			runOnlyForDeploymentPostprocessing = 0;
		};
		3FD5D34028245D6500F0C100 /* Frameworks */ = {
			isa = PBXFrameworksBuildPhase;
			buildActionMask = 2147483647;
			files = (
			);
			runOnlyForDeploymentPostprocessing = 0;
		};
/* End PBXFrameworksBuildPhase section */

/* Begin PBXGroup section */
		3F736D79282530E300296D67 /* Frameworks */ = {
			isa = PBXGroup;
			children = (
			);
			name = Frameworks;
			sourceTree = "<group>";
		};
		3FD5D32A28245D6400F0C100 = {
			isa = PBXGroup;
			children = (
				3FD5D3602824A25E00F0C100 /* Packages */,
				3FD5D33528245D6400F0C100 /* LunchPlaces */,
				3FD5D34628245D6500F0C100 /* LunchPlacesTests */,
				3FD5D33428245D6400F0C100 /* Products */,
				3F736D79282530E300296D67 /* Frameworks */,
			);
			sourceTree = "<group>";
		};
		3FD5D33428245D6400F0C100 /* Products */ = {
			isa = PBXGroup;
			children = (
				3FD5D33328245D6400F0C100 /* LunchPlaces.app */,
				3FD5D34328245D6500F0C100 /* LunchPlacesTests.xctest */,
			);
			name = Products;
			sourceTree = "<group>";
		};
		3FD5D33528245D6400F0C100 /* LunchPlaces */ = {
			isa = PBXGroup;
			children = (
				3FD5D33628245D6400F0C100 /* LunchPlacesApp.swift */,
				3FD5D33828245D6400F0C100 /* ContentView.swift */,
				3FD5D33A28245D6500F0C100 /* Assets.xcassets */,
				3FD5D33C28245D6500F0C100 /* Preview Content */,
			);
			path = LunchPlaces;
			sourceTree = "<group>";
		};
		3FD5D33C28245D6500F0C100 /* Preview Content */ = {
			isa = PBXGroup;
			children = (
				3FD5D33D28245D6500F0C100 /* Preview Assets.xcassets */,
			);
			path = "Preview Content";
			sourceTree = "<group>";
		};
		3FD5D34628245D6500F0C100 /* LunchPlacesTests */ = {
			isa = PBXGroup;
			children = (
				3FD5D34728245D6500F0C100 /* LunchPlacesTests.swift */,
			);
			path = LunchPlacesTests;
			sourceTree = "<group>";
		};
		3FD5D3602824A25E00F0C100 /* Packages */ = {
			isa = PBXGroup;
			children = (
				3F2605BF282705C40055E25B /* UIComponents */,
				3F736D802825358500296D67 /* Cache */,
				3FD5D3612824A2AE00F0C100 /* Core */,
				3FF23B1B2826F6E7003A5732 /* Features */,
				3F2605BB2826FE890055E25B /* Localization */,
				3F736D7828252EA500296D67 /* Mock */,
				3F736D772824A6AD00296D67 /* Model */,
				3F736D832825400800296D67 /* PlacesAPI */,
			);
			path = Packages;
			sourceTree = "<group>";
		};
/* End PBXGroup section */

/* Begin PBXNativeTarget section */
		3FD5D33228245D6400F0C100 /* LunchPlaces */ = {
			isa = PBXNativeTarget;
			buildConfigurationList = 3FD5D35728245D6500F0C100 /* Build configuration list for PBXNativeTarget "LunchPlaces" */;
			buildPhases = (
				3F2605BE282701060055E25B /* Swiftlint */,
				3FD5D32F28245D6400F0C100 /* Sources */,
				3FD5D33028245D6400F0C100 /* Frameworks */,
				3FD5D33128245D6400F0C100 /* Resources */,
			);
			buildRules = (
			);
			dependencies = (
			);
			name = LunchPlaces;
			packageProductDependencies = (
				3F736D7A282530E300296D67 /* Core */,
				3F736D7C282530E300296D67 /* Mock */,
				3F736D7E282530E300296D67 /* Model */,
				3F736D8128253B6E00296D67 /* Cache */,
				3F423A2E282542CE00702264 /* PlacesAPI */,
				3F2605B92826FB280055E25B /* Common */,
				3F2605BC2826FF760055E25B /* Localization */,
			);
			productName = LunchPlaces;
			productReference = 3FD5D33328245D6400F0C100 /* LunchPlaces.app */;
			productType = "com.apple.product-type.application";
		};
		3FD5D34228245D6500F0C100 /* LunchPlacesTests */ = {
			isa = PBXNativeTarget;
			buildConfigurationList = 3FD5D35A28245D6500F0C100 /* Build configuration list for PBXNativeTarget "LunchPlacesTests" */;
			buildPhases = (
				3FD5D33F28245D6500F0C100 /* Sources */,
				3FD5D34028245D6500F0C100 /* Frameworks */,
				3FD5D34128245D6500F0C100 /* Resources */,
			);
			buildRules = (
			);
			dependencies = (
				3FD5D34528245D6500F0C100 /* PBXTargetDependency */,
			);
			name = LunchPlacesTests;
			productName = LunchPlacesTests;
			productReference = 3FD5D34328245D6500F0C100 /* LunchPlacesTests.xctest */;
			productType = "com.apple.product-type.bundle.unit-test";
		};
/* End PBXNativeTarget section */

/* Begin PBXProject section */
		3FD5D32B28245D6400F0C100 /* Project object */ = {
			isa = PBXProject;
			attributes = {
				BuildIndependentTargetsInParallel = 1;
				LastSwiftUpdateCheck = 1330;
				LastUpgradeCheck = 1330;
				TargetAttributes = {
					3FD5D33228245D6400F0C100 = {
						CreatedOnToolsVersion = 13.3;
					};
					3FD5D34228245D6500F0C100 = {
						CreatedOnToolsVersion = 13.3;
						TestTargetID = 3FD5D33228245D6400F0C100;
					};
				};
			};
			buildConfigurationList = 3FD5D32E28245D6400F0C100 /* Build configuration list for PBXProject "LunchPlaces" */;
			compatibilityVersion = "Xcode 13.0";
			developmentRegion = en;
			hasScannedForEncodings = 0;
			knownRegions = (
				en,
				Base,
			);
			mainGroup = 3FD5D32A28245D6400F0C100;
			productRefGroup = 3FD5D33428245D6400F0C100 /* Products */;
			projectDirPath = "";
			projectRoot = "";
			targets = (
				3FD5D33228245D6400F0C100 /* LunchPlaces */,
				3FD5D34228245D6500F0C100 /* LunchPlacesTests */,
			);
		};
/* End PBXProject section */

/* Begin PBXResourcesBuildPhase section */
		3FD5D33128245D6400F0C100 /* Resources */ = {
			isa = PBXResourcesBuildPhase;
			buildActionMask = 2147483647;
			files = (
				3FD5D33E28245D6500F0C100 /* Preview Assets.xcassets in Resources */,
				3FD5D33B28245D6500F0C100 /* Assets.xcassets in Resources */,
			);
			runOnlyForDeploymentPostprocessing = 0;
		};
		3FD5D34128245D6500F0C100 /* Resources */ = {
			isa = PBXResourcesBuildPhase;
			buildActionMask = 2147483647;
			files = (
			);
			runOnlyForDeploymentPostprocessing = 0;
		};
/* End PBXResourcesBuildPhase section */

/* Begin PBXShellScriptBuildPhase section */
		3F2605BE282701060055E25B /* Swiftlint */ = {
			isa = PBXShellScriptBuildPhase;
			buildActionMask = 2147483647;
			files = (
			);
			inputFileListPaths = (
			);
			inputPaths = (
			);
			name = Swiftlint;
			outputFileListPaths = (
			);
			outputPaths = (
			);
			runOnlyForDeploymentPostprocessing = 0;
			shellPath = /bin/sh;
			shellScript = "swiftlint\n";
		};
/* End PBXShellScriptBuildPhase section */

/* Begin PBXSourcesBuildPhase section */
		3FD5D32F28245D6400F0C100 /* Sources */ = {
			isa = PBXSourcesBuildPhase;
			buildActionMask = 2147483647;
			files = (
				3FD5D33928245D6400F0C100 /* ContentView.swift in Sources */,
				3FD5D33728245D6400F0C100 /* LunchPlacesApp.swift in Sources */,
			);
			runOnlyForDeploymentPostprocessing = 0;
		};
		3FD5D33F28245D6500F0C100 /* Sources */ = {
			isa = PBXSourcesBuildPhase;
			buildActionMask = 2147483647;
			files = (
				3FD5D34828245D6500F0C100 /* LunchPlacesTests.swift in Sources */,
			);
			runOnlyForDeploymentPostprocessing = 0;
		};
/* End PBXSourcesBuildPhase section */

/* Begin PBXTargetDependency section */
		3FD5D34528245D6500F0C100 /* PBXTargetDependency */ = {
			isa = PBXTargetDependency;
			target = 3FD5D33228245D6400F0C100 /* LunchPlaces */;
			targetProxy = 3FD5D34428245D6500F0C100 /* PBXContainerItemProxy */;
		};
/* End PBXTargetDependency section */

/* Begin XCBuildConfiguration section */
		3FD5D35528245D6500F0C100 /* Debug */ = {
			isa = XCBuildConfiguration;
			buildSettings = {
				ALWAYS_SEARCH_USER_PATHS = NO;
				CLANG_ANALYZER_NONNULL = YES;
				CLANG_ANALYZER_NUMBER_OBJECT_CONVERSION = YES_AGGRESSIVE;
				CLANG_CXX_LANGUAGE_STANDARD = "gnu++17";
				CLANG_ENABLE_MODULES = YES;
				CLANG_ENABLE_OBJC_ARC = YES;
				CLANG_ENABLE_OBJC_WEAK = YES;
				CLANG_WARN_BLOCK_CAPTURE_AUTORELEASING = YES;
				CLANG_WARN_BOOL_CONVERSION = YES;
				CLANG_WARN_COMMA = YES;
				CLANG_WARN_CONSTANT_CONVERSION = YES;
				CLANG_WARN_DEPRECATED_OBJC_IMPLEMENTATIONS = YES;
				CLANG_WARN_DIRECT_OBJC_ISA_USAGE = YES_ERROR;
				CLANG_WARN_DOCUMENTATION_COMMENTS = YES;
				CLANG_WARN_EMPTY_BODY = YES;
				CLANG_WARN_ENUM_CONVERSION = YES;
				CLANG_WARN_INFINITE_RECURSION = YES;
				CLANG_WARN_INT_CONVERSION = YES;
				CLANG_WARN_NON_LITERAL_NULL_CONVERSION = YES;
				CLANG_WARN_OBJC_IMPLICIT_RETAIN_SELF = YES;
				CLANG_WARN_OBJC_LITERAL_CONVERSION = YES;
				CLANG_WARN_OBJC_ROOT_CLASS = YES_ERROR;
				CLANG_WARN_QUOTED_INCLUDE_IN_FRAMEWORK_HEADER = YES;
				CLANG_WARN_RANGE_LOOP_ANALYSIS = YES;
				CLANG_WARN_STRICT_PROTOTYPES = YES;
				CLANG_WARN_SUSPICIOUS_MOVE = YES;
				CLANG_WARN_UNGUARDED_AVAILABILITY = YES_AGGRESSIVE;
				CLANG_WARN_UNREACHABLE_CODE = YES;
				CLANG_WARN__DUPLICATE_METHOD_MATCH = YES;
				COPY_PHASE_STRIP = NO;
				DEBUG_INFORMATION_FORMAT = dwarf;
				ENABLE_STRICT_OBJC_MSGSEND = YES;
				ENABLE_TESTABILITY = YES;
				GCC_C_LANGUAGE_STANDARD = gnu11;
				GCC_DYNAMIC_NO_PIC = NO;
				GCC_NO_COMMON_BLOCKS = YES;
				GCC_OPTIMIZATION_LEVEL = 0;
				GCC_PREPROCESSOR_DEFINITIONS = (
					"DEBUG=1",
					"$(inherited)",
				);
				GCC_WARN_64_TO_32_BIT_CONVERSION = YES;
				GCC_WARN_ABOUT_RETURN_TYPE = YES_ERROR;
				GCC_WARN_UNDECLARED_SELECTOR = YES;
				GCC_WARN_UNINITIALIZED_AUTOS = YES_AGGRESSIVE;
				GCC_WARN_UNUSED_FUNCTION = YES;
				GCC_WARN_UNUSED_VARIABLE = YES;
				IPHONEOS_DEPLOYMENT_TARGET = 15.4;
				MTL_ENABLE_DEBUG_INFO = INCLUDE_SOURCE;
				MTL_FAST_MATH = YES;
				ONLY_ACTIVE_ARCH = YES;
				SDKROOT = iphoneos;
				SWIFT_ACTIVE_COMPILATION_CONDITIONS = DEBUG;
				SWIFT_OPTIMIZATION_LEVEL = "-Onone";
			};
			name = Debug;
		};
		3FD5D35628245D6500F0C100 /* Release */ = {
			isa = XCBuildConfiguration;
			buildSettings = {
				ALWAYS_SEARCH_USER_PATHS = NO;
				CLANG_ANALYZER_NONNULL = YES;
				CLANG_ANALYZER_NUMBER_OBJECT_CONVERSION = YES_AGGRESSIVE;
				CLANG_CXX_LANGUAGE_STANDARD = "gnu++17";
				CLANG_ENABLE_MODULES = YES;
				CLANG_ENABLE_OBJC_ARC = YES;
				CLANG_ENABLE_OBJC_WEAK = YES;
				CLANG_WARN_BLOCK_CAPTURE_AUTORELEASING = YES;
				CLANG_WARN_BOOL_CONVERSION = YES;
				CLANG_WARN_COMMA = YES;
				CLANG_WARN_CONSTANT_CONVERSION = YES;
				CLANG_WARN_DEPRECATED_OBJC_IMPLEMENTATIONS = YES;
				CLANG_WARN_DIRECT_OBJC_ISA_USAGE = YES_ERROR;
				CLANG_WARN_DOCUMENTATION_COMMENTS = YES;
				CLANG_WARN_EMPTY_BODY = YES;
				CLANG_WARN_ENUM_CONVERSION = YES;
				CLANG_WARN_INFINITE_RECURSION = YES;
				CLANG_WARN_INT_CONVERSION = YES;
				CLANG_WARN_NON_LITERAL_NULL_CONVERSION = YES;
				CLANG_WARN_OBJC_IMPLICIT_RETAIN_SELF = YES;
				CLANG_WARN_OBJC_LITERAL_CONVERSION = YES;
				CLANG_WARN_OBJC_ROOT_CLASS = YES_ERROR;
				CLANG_WARN_QUOTED_INCLUDE_IN_FRAMEWORK_HEADER = YES;
				CLANG_WARN_RANGE_LOOP_ANALYSIS = YES;
				CLANG_WARN_STRICT_PROTOTYPES = YES;
				CLANG_WARN_SUSPICIOUS_MOVE = YES;
				CLANG_WARN_UNGUARDED_AVAILABILITY = YES_AGGRESSIVE;
				CLANG_WARN_UNREACHABLE_CODE = YES;
				CLANG_WARN__DUPLICATE_METHOD_MATCH = YES;
				COPY_PHASE_STRIP = NO;
				DEBUG_INFORMATION_FORMAT = "dwarf-with-dsym";
				ENABLE_NS_ASSERTIONS = NO;
				ENABLE_STRICT_OBJC_MSGSEND = YES;
				GCC_C_LANGUAGE_STANDARD = gnu11;
				GCC_NO_COMMON_BLOCKS = YES;
				GCC_WARN_64_TO_32_BIT_CONVERSION = YES;
				GCC_WARN_ABOUT_RETURN_TYPE = YES_ERROR;
				GCC_WARN_UNDECLARED_SELECTOR = YES;
				GCC_WARN_UNINITIALIZED_AUTOS = YES_AGGRESSIVE;
				GCC_WARN_UNUSED_FUNCTION = YES;
				GCC_WARN_UNUSED_VARIABLE = YES;
				IPHONEOS_DEPLOYMENT_TARGET = 15.4;
				MTL_ENABLE_DEBUG_INFO = NO;
				MTL_FAST_MATH = YES;
				SDKROOT = iphoneos;
				SWIFT_COMPILATION_MODE = wholemodule;
				SWIFT_OPTIMIZATION_LEVEL = "-O";
				VALIDATE_PRODUCT = YES;
			};
			name = Release;
		};
		3FD5D35828245D6500F0C100 /* Debug */ = {
			isa = XCBuildConfiguration;
			buildSettings = {
				ASSETCATALOG_COMPILER_APPICON_NAME = AppIcon;
				ASSETCATALOG_COMPILER_GLOBAL_ACCENT_COLOR_NAME = AccentColor;
				CODE_SIGN_STYLE = Automatic;
				CURRENT_PROJECT_VERSION = 1;
				DEVELOPMENT_ASSET_PATHS = "\"LunchPlaces/Preview Content\"";
				DEVELOPMENT_TEAM = UCKKZ9R4MV;
				ENABLE_PREVIEWS = YES;
				GENERATE_INFOPLIST_FILE = YES;
				INFOPLIST_KEY_UIApplicationSceneManifest_Generation = YES;
				INFOPLIST_KEY_UIApplicationSupportsIndirectInputEvents = YES;
				INFOPLIST_KEY_UILaunchScreen_Generation = YES;
				INFOPLIST_KEY_UISupportedInterfaceOrientations_iPad = "UIInterfaceOrientationPortrait UIInterfaceOrientationPortraitUpsideDown UIInterfaceOrientationLandscapeLeft UIInterfaceOrientationLandscapeRight";
				INFOPLIST_KEY_UISupportedInterfaceOrientations_iPhone = "UIInterfaceOrientationPortrait UIInterfaceOrientationLandscapeLeft UIInterfaceOrientationLandscapeRight";
				LD_RUNPATH_SEARCH_PATHS = (
					"$(inherited)",
					"@executable_path/Frameworks",
				);
				MARKETING_VERSION = 1.0;
				PRODUCT_BUNDLE_IDENTIFIER = com.jagreenwood.LunchPlaces;
				PRODUCT_NAME = "$(TARGET_NAME)";
				SWIFT_EMIT_LOC_STRINGS = YES;
				SWIFT_VERSION = 5.0;
				TARGETED_DEVICE_FAMILY = "1,2";
			};
			name = Debug;
		};
		3FD5D35928245D6500F0C100 /* Release */ = {
			isa = XCBuildConfiguration;
			buildSettings = {
				ASSETCATALOG_COMPILER_APPICON_NAME = AppIcon;
				ASSETCATALOG_COMPILER_GLOBAL_ACCENT_COLOR_NAME = AccentColor;
				CODE_SIGN_STYLE = Automatic;
				CURRENT_PROJECT_VERSION = 1;
				DEVELOPMENT_ASSET_PATHS = "\"LunchPlaces/Preview Content\"";
				DEVELOPMENT_TEAM = UCKKZ9R4MV;
				ENABLE_PREVIEWS = YES;
				GENERATE_INFOPLIST_FILE = YES;
				INFOPLIST_KEY_UIApplicationSceneManifest_Generation = YES;
				INFOPLIST_KEY_UIApplicationSupportsIndirectInputEvents = YES;
				INFOPLIST_KEY_UILaunchScreen_Generation = YES;
				INFOPLIST_KEY_UISupportedInterfaceOrientations_iPad = "UIInterfaceOrientationPortrait UIInterfaceOrientationPortraitUpsideDown UIInterfaceOrientationLandscapeLeft UIInterfaceOrientationLandscapeRight";
				INFOPLIST_KEY_UISupportedInterfaceOrientations_iPhone = "UIInterfaceOrientationPortrait UIInterfaceOrientationLandscapeLeft UIInterfaceOrientationLandscapeRight";
				LD_RUNPATH_SEARCH_PATHS = (
					"$(inherited)",
					"@executable_path/Frameworks",
				);
				MARKETING_VERSION = 1.0;
				PRODUCT_BUNDLE_IDENTIFIER = com.jagreenwood.LunchPlaces;
				PRODUCT_NAME = "$(TARGET_NAME)";
				SWIFT_EMIT_LOC_STRINGS = YES;
				SWIFT_VERSION = 5.0;
				TARGETED_DEVICE_FAMILY = "1,2";
			};
			name = Release;
		};
		3FD5D35B28245D6500F0C100 /* Debug */ = {
			isa = XCBuildConfiguration;
			buildSettings = {
				ALWAYS_EMBED_SWIFT_STANDARD_LIBRARIES = YES;
				BUNDLE_LOADER = "$(TEST_HOST)";
				CODE_SIGN_STYLE = Automatic;
				CURRENT_PROJECT_VERSION = 1;
				DEVELOPMENT_TEAM = UCKKZ9R4MV;
				GENERATE_INFOPLIST_FILE = YES;
				IPHONEOS_DEPLOYMENT_TARGET = 15.4;
				MARKETING_VERSION = 1.0;
				PRODUCT_BUNDLE_IDENTIFIER = com.jagreenwood.LunchPlacesTests;
				PRODUCT_NAME = "$(TARGET_NAME)";
				SWIFT_EMIT_LOC_STRINGS = NO;
				SWIFT_VERSION = 5.0;
				TARGETED_DEVICE_FAMILY = "1,2";
				TEST_HOST = "$(BUILT_PRODUCTS_DIR)/LunchPlaces.app/LunchPlaces";
			};
			name = Debug;
		};
		3FD5D35C28245D6500F0C100 /* Release */ = {
			isa = XCBuildConfiguration;
			buildSettings = {
				ALWAYS_EMBED_SWIFT_STANDARD_LIBRARIES = YES;
				BUNDLE_LOADER = "$(TEST_HOST)";
				CODE_SIGN_STYLE = Automatic;
				CURRENT_PROJECT_VERSION = 1;
				DEVELOPMENT_TEAM = UCKKZ9R4MV;
				GENERATE_INFOPLIST_FILE = YES;
				IPHONEOS_DEPLOYMENT_TARGET = 15.4;
				MARKETING_VERSION = 1.0;
				PRODUCT_BUNDLE_IDENTIFIER = com.jagreenwood.LunchPlacesTests;
				PRODUCT_NAME = "$(TARGET_NAME)";
				SWIFT_EMIT_LOC_STRINGS = NO;
				SWIFT_VERSION = 5.0;
				TARGETED_DEVICE_FAMILY = "1,2";
				TEST_HOST = "$(BUILT_PRODUCTS_DIR)/LunchPlaces.app/LunchPlaces";
			};
			name = Release;
		};
/* End XCBuildConfiguration section */

/* Begin XCConfigurationList section */
		3FD5D32E28245D6400F0C100 /* Build configuration list for PBXProject "LunchPlaces" */ = {
			isa = XCConfigurationList;
			buildConfigurations = (
				3FD5D35528245D6500F0C100 /* Debug */,
				3FD5D35628245D6500F0C100 /* Release */,
			);
			defaultConfigurationIsVisible = 0;
			defaultConfigurationName = Release;
		};
		3FD5D35728245D6500F0C100 /* Build configuration list for PBXNativeTarget "LunchPlaces" */ = {
			isa = XCConfigurationList;
			buildConfigurations = (
				3FD5D35828245D6500F0C100 /* Debug */,
				3FD5D35928245D6500F0C100 /* Release */,
			);
			defaultConfigurationIsVisible = 0;
			defaultConfigurationName = Release;
		};
		3FD5D35A28245D6500F0C100 /* Build configuration list for PBXNativeTarget "LunchPlacesTests" */ = {
			isa = XCConfigurationList;
			buildConfigurations = (
				3FD5D35B28245D6500F0C100 /* Debug */,
				3FD5D35C28245D6500F0C100 /* Release */,
			);
			defaultConfigurationIsVisible = 0;
			defaultConfigurationName = Release;
		};
/* End XCConfigurationList section */

/* Begin XCSwiftPackageProductDependency section */
		3F2605B92826FB280055E25B /* Common */ = {
			isa = XCSwiftPackageProductDependency;
			productName = Common;
		};
		3F2605BC2826FF760055E25B /* Localization */ = {
			isa = XCSwiftPackageProductDependency;
			productName = Localization;
		};
		3F423A2E282542CE00702264 /* PlacesAPI */ = {
			isa = XCSwiftPackageProductDependency;
			productName = PlacesAPI;
		};
		3F736D7A282530E300296D67 /* Core */ = {
			isa = XCSwiftPackageProductDependency;
			productName = Core;
		};
		3F736D7C282530E300296D67 /* Mock */ = {
			isa = XCSwiftPackageProductDependency;
			productName = Mock;
		};
		3F736D7E282530E300296D67 /* Model */ = {
			isa = XCSwiftPackageProductDependency;
			productName = Model;
		};
		3F736D8128253B6E00296D67 /* Cache */ = {
			isa = XCSwiftPackageProductDependency;
			productName = Cache;
		};
/* End XCSwiftPackageProductDependency section */
	};
	rootObject = 3FD5D32B28245D6400F0C100 /* Project object */;
}
